
Microsoft Visual Studio Solution File, Format Version 12.00
# Visual Studio Version 16
VisualStudioVersion = 16.0.30523.141
MinimumVisualStudioVersion = 10.0.40219.1
Project("{FAE04EC0-301F-11D3-BF4B-00C04F79EFBC}") = "SudokuSolver", "SudokuSolver.csproj", "{6BC3E0F4-2672-48C1-AA4B-C34B59146B0B}"
EndProject
Global
	GlobalSection(SolutionConfigurationPlatforms) = preSolution
		Debug|Any CPU = Debug|Any CPU
		Release|Any CPU = Release|Any CPU
	EndGlobalSection
	GlobalSection(ProjectConfigurationPlatforms) = postSolution
		{6BC3E0F4-2672-48C1-AA4B-C34B59146B0B}.Debug|Any CPU.ActiveCfg = Debug|Any CPU
		{6BC3E0F4-2672-48C1-AA4B-C34B59146B0B}.Debug|Any CPU.Build.0 = Debug|Any CPU
		{6BC3E0F4-2672-48C1-AA4B-C34B59146B0B}.Release|Any CPU.ActiveCfg = Release|Any CPU
		{6BC3E0F4-2672-48C1-AA4B-C34B59146B0B}.Release|Any CPU.Build.0 = Release|Any CPU
	EndGlobalSection
	GlobalSection(SolutionProperties) = preSolution
		HideSolutionNode = FALSE
	EndGlobalSection
	GlobalSection(ExtensibilityGlobals) = postSolution
		SolutionGuid = {6E6D152F-E76B-468E-93AE-41F309284678}
	EndGlobalSection
EndGlobal
